// !$*UTF8*$!
{
	archiveVersion = 1;
	classes = {
	};
	objectVersion = 56;
	objects = {

/* Begin PBXBuildFile section */
		1223C13FE981FE60D5475357 /* Pods_ShopifyTests.framework in Frameworks */ = {isa = PBXBuildFile; fileRef = 37D8FE1153E713768EEDF06D /* Pods_ShopifyTests.framework */; };
		29F3A602E19A30743431FF10 /* Pods_Shopify.framework in Frameworks */ = {isa = PBXBuildFile; fileRef = 5D76B3A69142FBA7583CA2EA /* Pods_Shopify.framework */; };
		4C3B902829AA2D1A008F15F9 /* AboutUsVC.swift in Sources */ = {isa = PBXBuildFile; fileRef = 4C3B902729AA2D1A008F15F9 /* AboutUsVC.swift */; };
		4C3B902A29AA2E7C008F15F9 /* ContactUsVC.swift in Sources */ = {isa = PBXBuildFile; fileRef = 4C3B902929AA2E7C008F15F9 /* ContactUsVC.swift */; };
		4C521EB729AA43B3004D4BBF /* SettingsVC.swift in Sources */ = {isa = PBXBuildFile; fileRef = 4C521EB629AA43B3004D4BBF /* SettingsVC.swift */; };
		4C521EB929AA4907004D4BBF /* AddressVC.swift in Sources */ = {isa = PBXBuildFile; fileRef = 4C521EB829AA4907004D4BBF /* AddressVC.swift */; };
		4C97ADBB29A85BF600775773 /* OrdersCell.swift in Sources */ = {isa = PBXBuildFile; fileRef = 4C97ADB929A85BF600775773 /* OrdersCell.swift */; };
		4C97ADBC29A85BF600775773 /* OrdersCell.xib in Resources */ = {isa = PBXBuildFile; fileRef = 4C97ADBA29A85BF600775773 /* OrdersCell.xib */; };
		4C97ADC029A8627700775773 /* WishListsCell.swift in Sources */ = {isa = PBXBuildFile; fileRef = 4C97ADBE29A8627600775773 /* WishListsCell.swift */; };
		4C97ADC129A8627700775773 /* WishListsCell.xib in Resources */ = {isa = PBXBuildFile; fileRef = 4C97ADBF29A8627600775773 /* WishListsCell.xib */; };
		4CB4C75429AA4BA3004B9BE2 /* AddressesCell.swift in Sources */ = {isa = PBXBuildFile; fileRef = 4CB4C75329AA4BA3004B9BE2 /* AddressesCell.swift */; };
		4CB4C75629AA4BE2004B9BE2 /* AddressesCell.xib in Resources */ = {isa = PBXBuildFile; fileRef = 4CB4C75529AA4BE2004B9BE2 /* AddressesCell.xib */; };
		DE59EF4E29A6F78D00D50A91 /* CustomTabBar.swift in Sources */ = {isa = PBXBuildFile; fileRef = DE59EF4D29A6F78D00D50A91 /* CustomTabBar.swift */; };
		DE7BBD9629A66834009622B3 /* HomeSB.storyboard in Resources */ = {isa = PBXBuildFile; fileRef = DE7BBD9529A66834009622B3 /* HomeSB.storyboard */; };
		DE7BBD9829A6698D009622B3 /* CategoriesSB.storyboard in Resources */ = {isa = PBXBuildFile; fileRef = DE7BBD9729A6698D009622B3 /* CategoriesSB.storyboard */; };
		DE7BBD9A29A669EB009622B3 /* ProfileSB.storyboard in Resources */ = {isa = PBXBuildFile; fileRef = DE7BBD9929A669EB009622B3 /* ProfileSB.storyboard */; };
		DE7BBD9D29A66C33009622B3 /* ProductsVC.swift in Sources */ = {isa = PBXBuildFile; fileRef = DE7BBD9C29A66C33009622B3 /* ProductsVC.swift */; };
		DE7BBDA429A66D08009622B3 /* CustomToolBar.swift in Sources */ = {isa = PBXBuildFile; fileRef = DE7BBDA329A66D08009622B3 /* CustomToolBar.swift */; };
		DE7BBDA929A66D97009622B3 /* CartVC.swift in Sources */ = {isa = PBXBuildFile; fileRef = DE7BBDA829A66D97009622B3 /* CartVC.swift */; };
		DE7BBDAB29A66DA9009622B3 /* WishListVC.swift in Sources */ = {isa = PBXBuildFile; fileRef = DE7BBDAA29A66DA9009622B3 /* WishListVC.swift */; };
		DE7BBDAD29A66DC2009622B3 /* OthersSB.storyboard in Resources */ = {isa = PBXBuildFile; fileRef = DE7BBDAC29A66DC2009622B3 /* OthersSB.storyboard */; };
		DE7BBDB029A66E4D009622B3 /* Payment&OrderSB.storyboard in Resources */ = {isa = PBXBuildFile; fileRef = DE7BBDAF29A66E4D009622B3 /* Payment&OrderSB.storyboard */; };
		DE7BBDB229A66E5D009622B3 /* PaymentVC.swift in Sources */ = {isa = PBXBuildFile; fileRef = DE7BBDB129A66E5D009622B3 /* PaymentVC.swift */; };
		DE7BBDB429A66E6B009622B3 /* OrderVC.swift in Sources */ = {isa = PBXBuildFile; fileRef = DE7BBDB329A66E6B009622B3 /* OrderVC.swift */; };
		DE7BBDB729A66ECA009622B3 /* AuthenticationSB.storyboard in Resources */ = {isa = PBXBuildFile; fileRef = DE7BBDB629A66ECA009622B3 /* AuthenticationSB.storyboard */; };
		DE7BBDB929A66ED8009622B3 /* LoginVC.swift in Sources */ = {isa = PBXBuildFile; fileRef = DE7BBDB829A66ED8009622B3 /* LoginVC.swift */; };
		DE7BBDBB29A66EEB009622B3 /* RegisterVC.swift in Sources */ = {isa = PBXBuildFile; fileRef = DE7BBDBA29A66EEA009622B3 /* RegisterVC.swift */; };
		DE923E7129A4E22000AF628D /* ViewModel.swift in Sources */ = {isa = PBXBuildFile; fileRef = DE923E7029A4E22000AF628D /* ViewModel.swift */; };
		DE923E7329A4E23000AF628D /* Product.swift in Sources */ = {isa = PBXBuildFile; fileRef = DE923E7229A4E23000AF628D /* Product.swift */; };
		DE923E7529A4E24000AF628D /* ProductDetail.swift in Sources */ = {isa = PBXBuildFile; fileRef = DE923E7429A4E24000AF628D /* ProductDetail.swift */; };
		DE923E7729A4E24A00AF628D /* Order.swift in Sources */ = {isa = PBXBuildFile; fileRef = DE923E7629A4E24A00AF628D /* Order.swift */; };
		DE923E7929A4E25300AF628D /* Profile.swift in Sources */ = {isa = PBXBuildFile; fileRef = DE923E7829A4E25300AF628D /* Profile.swift */; };
		DE923E7D29A4E31400AF628D /* NetworkService.swift in Sources */ = {isa = PBXBuildFile; fileRef = DE923E7C29A4E31400AF628D /* NetworkService.swift */; };
		DE923E8429A4E3B000AF628D /* ProductDetailsVC.swift in Sources */ = {isa = PBXBuildFile; fileRef = DE923E8329A4E3B000AF628D /* ProductDetailsVC.swift */; };
		DE923E8A29A4E41700AF628D /* ProductCVCell.swift in Sources */ = {isa = PBXBuildFile; fileRef = DE923E8829A4E41700AF628D /* ProductCVCell.swift */; };
		DE923E8B29A4E41700AF628D /* ProductCVCell.xib in Resources */ = {isa = PBXBuildFile; fileRef = DE923E8929A4E41700AF628D /* ProductCVCell.xib */; };
		DE923E8F29A4E43700AF628D /* BrandCVCell.swift in Sources */ = {isa = PBXBuildFile; fileRef = DE923E8D29A4E43700AF628D /* BrandCVCell.swift */; };
		DE923E9029A4E43700AF628D /* BrandCVCell.xib in Resources */ = {isa = PBXBuildFile; fileRef = DE923E8E29A4E43700AF628D /* BrandCVCell.xib */; };
		DE923E9329A4E53F00AF628D /* OnBoardingSB.storyboard in Resources */ = {isa = PBXBuildFile; fileRef = DE923E9229A4E53F00AF628D /* OnBoardingSB.storyboard */; };
		DE923E9529A4E56000AF628D /* OnBoardingVC.swift in Sources */ = {isa = PBXBuildFile; fileRef = DE923E9429A4E56000AF628D /* OnBoardingVC.swift */; };
		DE923E9D29A4EA6600AF628D /* CategoriesVC.swift in Sources */ = {isa = PBXBuildFile; fileRef = DE923E9C29A4EA6600AF628D /* CategoriesVC.swift */; };
		DE923EA029A4EB0A00AF628D /* ProfileVC.swift in Sources */ = {isa = PBXBuildFile; fileRef = DE923E9F29A4EB0A00AF628D /* ProfileVC.swift */; };
		DED7EA5B29A020AB000CC25C /* AppDelegate.swift in Sources */ = {isa = PBXBuildFile; fileRef = DED7EA5A29A020AB000CC25C /* AppDelegate.swift */; };
		DED7EA5D29A020AB000CC25C /* SceneDelegate.swift in Sources */ = {isa = PBXBuildFile; fileRef = DED7EA5C29A020AB000CC25C /* SceneDelegate.swift */; };
		DED7EA5F29A020AB000CC25C /* HomeVC.swift in Sources */ = {isa = PBXBuildFile; fileRef = DED7EA5E29A020AB000CC25C /* HomeVC.swift */; };
		DED7EA6229A020AB000CC25C /* Main.storyboard in Resources */ = {isa = PBXBuildFile; fileRef = DED7EA6029A020AB000CC25C /* Main.storyboard */; };
		DED7EA6529A020AB000CC25C /* Shopify.xcdatamodeld in Sources */ = {isa = PBXBuildFile; fileRef = DED7EA6329A020AB000CC25C /* Shopify.xcdatamodeld */; };
		DED7EA6729A020AD000CC25C /* Assets.xcassets in Resources */ = {isa = PBXBuildFile; fileRef = DED7EA6629A020AD000CC25C /* Assets.xcassets */; };
		DED7EA6A29A020AD000CC25C /* LaunchScreen.storyboard in Resources */ = {isa = PBXBuildFile; fileRef = DED7EA6829A020AD000CC25C /* LaunchScreen.storyboard */; };
		DED7EA7529A020AF000CC25C /* ShopifyTests.swift in Sources */ = {isa = PBXBuildFile; fileRef = DED7EA7429A020AF000CC25C /* ShopifyTests.swift */; };
		DED7EA7F29A020AF000CC25C /* ShopifyUITests.swift in Sources */ = {isa = PBXBuildFile; fileRef = DED7EA7E29A020AF000CC25C /* ShopifyUITests.swift */; };
		DED7EA8129A020AF000CC25C /* ShopifyUITestsLaunchTests.swift in Sources */ = {isa = PBXBuildFile; fileRef = DED7EA8029A020AF000CC25C /* ShopifyUITestsLaunchTests.swift */; };
		E5BA3EC644ABE0FDC0407142 /* Pods_Shopify_ShopifyUITests.framework in Frameworks */ = {isa = PBXBuildFile; fileRef = D38EAD909D88B2723D102351 /* Pods_Shopify_ShopifyUITests.framework */; };
/* End PBXBuildFile section */

/* Begin PBXContainerItemProxy section */
		DED7EA7129A020AF000CC25C /* PBXContainerItemProxy */ = {
			isa = PBXContainerItemProxy;
			containerPortal = DED7EA4F29A020AA000CC25C /* Project object */;
			proxyType = 1;
			remoteGlobalIDString = DED7EA5629A020AB000CC25C;
			remoteInfo = Shopify;
		};
		DED7EA7B29A020AF000CC25C /* PBXContainerItemProxy */ = {
			isa = PBXContainerItemProxy;
			containerPortal = DED7EA4F29A020AA000CC25C /* Project object */;
			proxyType = 1;
			remoteGlobalIDString = DED7EA5629A020AB000CC25C;
			remoteInfo = Shopify;
		};
/* End PBXContainerItemProxy section */

/* Begin PBXFileReference section */
		37D8FE1153E713768EEDF06D /* Pods_ShopifyTests.framework */ = {isa = PBXFileReference; explicitFileType = wrapper.framework; includeInIndex = 0; path = Pods_ShopifyTests.framework; sourceTree = BUILT_PRODUCTS_DIR; };
		3E9A2774B818BAF9F262345D /* Pods-Shopify-ShopifyUITests.debug.xcconfig */ = {isa = PBXFileReference; includeInIndex = 1; lastKnownFileType = text.xcconfig; name = "Pods-Shopify-ShopifyUITests.debug.xcconfig"; path = "Target Support Files/Pods-Shopify-ShopifyUITests/Pods-Shopify-ShopifyUITests.debug.xcconfig"; sourceTree = "<group>"; };
		4C3B902729AA2D1A008F15F9 /* AboutUsVC.swift */ = {isa = PBXFileReference; lastKnownFileType = sourcecode.swift; path = AboutUsVC.swift; sourceTree = "<group>"; };
		4C3B902929AA2E7C008F15F9 /* ContactUsVC.swift */ = {isa = PBXFileReference; lastKnownFileType = sourcecode.swift; path = ContactUsVC.swift; sourceTree = "<group>"; };
		4C521EB629AA43B3004D4BBF /* SettingsVC.swift */ = {isa = PBXFileReference; lastKnownFileType = sourcecode.swift; path = SettingsVC.swift; sourceTree = "<group>"; };
		4C521EB829AA4907004D4BBF /* AddressVC.swift */ = {isa = PBXFileReference; lastKnownFileType = sourcecode.swift; path = AddressVC.swift; sourceTree = "<group>"; };
		4C97ADB929A85BF600775773 /* OrdersCell.swift */ = {isa = PBXFileReference; lastKnownFileType = sourcecode.swift; path = OrdersCell.swift; sourceTree = "<group>"; };
		4C97ADBA29A85BF600775773 /* OrdersCell.xib */ = {isa = PBXFileReference; lastKnownFileType = file.xib; path = OrdersCell.xib; sourceTree = "<group>"; };
		4C97ADBE29A8627600775773 /* WishListsCell.swift */ = {isa = PBXFileReference; lastKnownFileType = sourcecode.swift; path = WishListsCell.swift; sourceTree = "<group>"; };
		4C97ADBF29A8627600775773 /* WishListsCell.xib */ = {isa = PBXFileReference; lastKnownFileType = file.xib; path = WishListsCell.xib; sourceTree = "<group>"; };
		4CB4C75329AA4BA3004B9BE2 /* AddressesCell.swift */ = {isa = PBXFileReference; lastKnownFileType = sourcecode.swift; path = AddressesCell.swift; sourceTree = "<group>"; };
		4CB4C75529AA4BE2004B9BE2 /* AddressesCell.xib */ = {isa = PBXFileReference; fileEncoding = 4; lastKnownFileType = file.xib; path = AddressesCell.xib; sourceTree = "<group>"; };
		4D8596E578E9FE2D42DCB254 /* Pods-Shopify.release.xcconfig */ = {isa = PBXFileReference; includeInIndex = 1; lastKnownFileType = text.xcconfig; name = "Pods-Shopify.release.xcconfig"; path = "Target Support Files/Pods-Shopify/Pods-Shopify.release.xcconfig"; sourceTree = "<group>"; };
		5D76B3A69142FBA7583CA2EA /* Pods_Shopify.framework */ = {isa = PBXFileReference; explicitFileType = wrapper.framework; includeInIndex = 0; path = Pods_Shopify.framework; sourceTree = BUILT_PRODUCTS_DIR; };
		B1321B15F2977909A7FC984B /* Pods-ShopifyTests.release.xcconfig */ = {isa = PBXFileReference; includeInIndex = 1; lastKnownFileType = text.xcconfig; name = "Pods-ShopifyTests.release.xcconfig"; path = "Target Support Files/Pods-ShopifyTests/Pods-ShopifyTests.release.xcconfig"; sourceTree = "<group>"; };
		B34E81B07ECC11E2228EAE24 /* Pods-Shopify.debug.xcconfig */ = {isa = PBXFileReference; includeInIndex = 1; lastKnownFileType = text.xcconfig; name = "Pods-Shopify.debug.xcconfig"; path = "Target Support Files/Pods-Shopify/Pods-Shopify.debug.xcconfig"; sourceTree = "<group>"; };
		C15DEE82EA0B880CC202A9FD /* Pods-Shopify-ShopifyUITests.release.xcconfig */ = {isa = PBXFileReference; includeInIndex = 1; lastKnownFileType = text.xcconfig; name = "Pods-Shopify-ShopifyUITests.release.xcconfig"; path = "Target Support Files/Pods-Shopify-ShopifyUITests/Pods-Shopify-ShopifyUITests.release.xcconfig"; sourceTree = "<group>"; };
		D38EAD909D88B2723D102351 /* Pods_Shopify_ShopifyUITests.framework */ = {isa = PBXFileReference; explicitFileType = wrapper.framework; includeInIndex = 0; path = Pods_Shopify_ShopifyUITests.framework; sourceTree = BUILT_PRODUCTS_DIR; };
		D7BACF643C18AFBCF1999EA5 /* Pods-ShopifyTests.debug.xcconfig */ = {isa = PBXFileReference; includeInIndex = 1; lastKnownFileType = text.xcconfig; name = "Pods-ShopifyTests.debug.xcconfig"; path = "Target Support Files/Pods-ShopifyTests/Pods-ShopifyTests.debug.xcconfig"; sourceTree = "<group>"; };
		DE59EF4D29A6F78D00D50A91 /* CustomTabBar.swift */ = {isa = PBXFileReference; lastKnownFileType = sourcecode.swift; path = CustomTabBar.swift; sourceTree = "<group>"; };
		DE7BBD9529A66834009622B3 /* HomeSB.storyboard */ = {isa = PBXFileReference; lastKnownFileType = file.storyboard; path = HomeSB.storyboard; sourceTree = "<group>"; };
		DE7BBD9729A6698D009622B3 /* CategoriesSB.storyboard */ = {isa = PBXFileReference; lastKnownFileType = file.storyboard; path = CategoriesSB.storyboard; sourceTree = "<group>"; };
		DE7BBD9929A669EB009622B3 /* ProfileSB.storyboard */ = {isa = PBXFileReference; lastKnownFileType = file.storyboard; path = ProfileSB.storyboard; sourceTree = "<group>"; };
		DE7BBD9C29A66C33009622B3 /* ProductsVC.swift */ = {isa = PBXFileReference; lastKnownFileType = sourcecode.swift; path = ProductsVC.swift; sourceTree = "<group>"; };
		DE7BBDA329A66D08009622B3 /* CustomToolBar.swift */ = {isa = PBXFileReference; lastKnownFileType = sourcecode.swift; path = CustomToolBar.swift; sourceTree = "<group>"; };
		DE7BBDA829A66D97009622B3 /* CartVC.swift */ = {isa = PBXFileReference; lastKnownFileType = sourcecode.swift; path = CartVC.swift; sourceTree = "<group>"; };
		DE7BBDAA29A66DA9009622B3 /* WishListVC.swift */ = {isa = PBXFileReference; lastKnownFileType = sourcecode.swift; path = WishListVC.swift; sourceTree = "<group>"; };
		DE7BBDAC29A66DC2009622B3 /* OthersSB.storyboard */ = {isa = PBXFileReference; lastKnownFileType = file.storyboard; path = OthersSB.storyboard; sourceTree = "<group>"; };
		DE7BBDAF29A66E4D009622B3 /* Payment&OrderSB.storyboard */ = {isa = PBXFileReference; lastKnownFileType = file.storyboard; path = "Payment&OrderSB.storyboard"; sourceTree = "<group>"; };
		DE7BBDB129A66E5D009622B3 /* PaymentVC.swift */ = {isa = PBXFileReference; lastKnownFileType = sourcecode.swift; path = PaymentVC.swift; sourceTree = "<group>"; };
		DE7BBDB329A66E6B009622B3 /* OrderVC.swift */ = {isa = PBXFileReference; lastKnownFileType = sourcecode.swift; path = OrderVC.swift; sourceTree = "<group>"; };
		DE7BBDB629A66ECA009622B3 /* AuthenticationSB.storyboard */ = {isa = PBXFileReference; lastKnownFileType = file.storyboard; path = AuthenticationSB.storyboard; sourceTree = "<group>"; };
		DE7BBDB829A66ED8009622B3 /* LoginVC.swift */ = {isa = PBXFileReference; lastKnownFileType = sourcecode.swift; path = LoginVC.swift; sourceTree = "<group>"; };
		DE7BBDBA29A66EEA009622B3 /* RegisterVC.swift */ = {isa = PBXFileReference; lastKnownFileType = sourcecode.swift; path = RegisterVC.swift; sourceTree = "<group>"; };
		DE923E7029A4E22000AF628D /* ViewModel.swift */ = {isa = PBXFileReference; lastKnownFileType = sourcecode.swift; path = ViewModel.swift; sourceTree = "<group>"; };
		DE923E7229A4E23000AF628D /* Product.swift */ = {isa = PBXFileReference; lastKnownFileType = sourcecode.swift; path = Product.swift; sourceTree = "<group>"; };
		DE923E7429A4E24000AF628D /* ProductDetail.swift */ = {isa = PBXFileReference; lastKnownFileType = sourcecode.swift; path = ProductDetail.swift; sourceTree = "<group>"; };
		DE923E7629A4E24A00AF628D /* Order.swift */ = {isa = PBXFileReference; lastKnownFileType = sourcecode.swift; path = Order.swift; sourceTree = "<group>"; };
		DE923E7829A4E25300AF628D /* Profile.swift */ = {isa = PBXFileReference; lastKnownFileType = sourcecode.swift; path = Profile.swift; sourceTree = "<group>"; };
		DE923E7C29A4E31400AF628D /* NetworkService.swift */ = {isa = PBXFileReference; lastKnownFileType = sourcecode.swift; path = NetworkService.swift; sourceTree = "<group>"; };
		DE923E8329A4E3B000AF628D /* ProductDetailsVC.swift */ = {isa = PBXFileReference; lastKnownFileType = sourcecode.swift; path = ProductDetailsVC.swift; sourceTree = "<group>"; };
		DE923E8829A4E41700AF628D /* ProductCVCell.swift */ = {isa = PBXFileReference; lastKnownFileType = sourcecode.swift; path = ProductCVCell.swift; sourceTree = "<group>"; };
		DE923E8929A4E41700AF628D /* ProductCVCell.xib */ = {isa = PBXFileReference; lastKnownFileType = file.xib; path = ProductCVCell.xib; sourceTree = "<group>"; };
		DE923E8D29A4E43700AF628D /* BrandCVCell.swift */ = {isa = PBXFileReference; lastKnownFileType = sourcecode.swift; path = BrandCVCell.swift; sourceTree = "<group>"; };
		DE923E8E29A4E43700AF628D /* BrandCVCell.xib */ = {isa = PBXFileReference; lastKnownFileType = file.xib; path = BrandCVCell.xib; sourceTree = "<group>"; };
		DE923E9229A4E53F00AF628D /* OnBoardingSB.storyboard */ = {isa = PBXFileReference; lastKnownFileType = file.storyboard; path = OnBoardingSB.storyboard; sourceTree = "<group>"; };
		DE923E9429A4E56000AF628D /* OnBoardingVC.swift */ = {isa = PBXFileReference; lastKnownFileType = sourcecode.swift; path = OnBoardingVC.swift; sourceTree = "<group>"; };
		DE923E9C29A4EA6600AF628D /* CategoriesVC.swift */ = {isa = PBXFileReference; lastKnownFileType = sourcecode.swift; path = CategoriesVC.swift; sourceTree = "<group>"; };
		DE923E9F29A4EB0A00AF628D /* ProfileVC.swift */ = {isa = PBXFileReference; lastKnownFileType = sourcecode.swift; path = ProfileVC.swift; sourceTree = "<group>"; };
		DED7EA5729A020AB000CC25C /* Shopify.app */ = {isa = PBXFileReference; explicitFileType = wrapper.application; includeInIndex = 0; path = Shopify.app; sourceTree = BUILT_PRODUCTS_DIR; };
		DED7EA5A29A020AB000CC25C /* AppDelegate.swift */ = {isa = PBXFileReference; lastKnownFileType = sourcecode.swift; path = AppDelegate.swift; sourceTree = "<group>"; };
		DED7EA5C29A020AB000CC25C /* SceneDelegate.swift */ = {isa = PBXFileReference; lastKnownFileType = sourcecode.swift; path = SceneDelegate.swift; sourceTree = "<group>"; };
		DED7EA5E29A020AB000CC25C /* HomeVC.swift */ = {isa = PBXFileReference; lastKnownFileType = sourcecode.swift; path = HomeVC.swift; sourceTree = "<group>"; };
		DED7EA6129A020AB000CC25C /* Base */ = {isa = PBXFileReference; lastKnownFileType = file.storyboard; name = Base; path = Base.lproj/Main.storyboard; sourceTree = "<group>"; };
		DED7EA6429A020AB000CC25C /* Shopify.xcdatamodel */ = {isa = PBXFileReference; lastKnownFileType = wrapper.xcdatamodel; path = Shopify.xcdatamodel; sourceTree = "<group>"; };
		DED7EA6629A020AD000CC25C /* Assets.xcassets */ = {isa = PBXFileReference; lastKnownFileType = folder.assetcatalog; path = Assets.xcassets; sourceTree = "<group>"; };
		DED7EA6929A020AD000CC25C /* Base */ = {isa = PBXFileReference; lastKnownFileType = file.storyboard; name = Base; path = Base.lproj/LaunchScreen.storyboard; sourceTree = "<group>"; };
		DED7EA6B29A020AD000CC25C /* Info.plist */ = {isa = PBXFileReference; lastKnownFileType = text.plist.xml; path = Info.plist; sourceTree = "<group>"; };
		DED7EA7029A020AF000CC25C /* ShopifyTests.xctest */ = {isa = PBXFileReference; explicitFileType = wrapper.cfbundle; includeInIndex = 0; path = ShopifyTests.xctest; sourceTree = BUILT_PRODUCTS_DIR; };
		DED7EA7429A020AF000CC25C /* ShopifyTests.swift */ = {isa = PBXFileReference; lastKnownFileType = sourcecode.swift; path = ShopifyTests.swift; sourceTree = "<group>"; };
		DED7EA7A29A020AF000CC25C /* ShopifyUITests.xctest */ = {isa = PBXFileReference; explicitFileType = wrapper.cfbundle; includeInIndex = 0; path = ShopifyUITests.xctest; sourceTree = BUILT_PRODUCTS_DIR; };
		DED7EA7E29A020AF000CC25C /* ShopifyUITests.swift */ = {isa = PBXFileReference; lastKnownFileType = sourcecode.swift; path = ShopifyUITests.swift; sourceTree = "<group>"; };
		DED7EA8029A020AF000CC25C /* ShopifyUITestsLaunchTests.swift */ = {isa = PBXFileReference; lastKnownFileType = sourcecode.swift; path = ShopifyUITestsLaunchTests.swift; sourceTree = "<group>"; };
/* End PBXFileReference section */

/* Begin PBXFrameworksBuildPhase section */
		DED7EA5429A020AB000CC25C /* Frameworks */ = {
			isa = PBXFrameworksBuildPhase;
			buildActionMask = 2147483647;
			files = (
				29F3A602E19A30743431FF10 /* Pods_Shopify.framework in Frameworks */,
			);
			runOnlyForDeploymentPostprocessing = 0;
		};
		DED7EA6D29A020AE000CC25C /* Frameworks */ = {
			isa = PBXFrameworksBuildPhase;
			buildActionMask = 2147483647;
			files = (
				1223C13FE981FE60D5475357 /* Pods_ShopifyTests.framework in Frameworks */,
			);
			runOnlyForDeploymentPostprocessing = 0;
		};
		DED7EA7729A020AF000CC25C /* Frameworks */ = {
			isa = PBXFrameworksBuildPhase;
			buildActionMask = 2147483647;
			files = (
				E5BA3EC644ABE0FDC0407142 /* Pods_Shopify_ShopifyUITests.framework in Frameworks */,
			);
			runOnlyForDeploymentPostprocessing = 0;
		};
/* End PBXFrameworksBuildPhase section */

/* Begin PBXGroup section */
		001285B3A56A4BDE18147866 /* Pods */ = {
			isa = PBXGroup;
			children = (
				B34E81B07ECC11E2228EAE24 /* Pods-Shopify.debug.xcconfig */,
				4D8596E578E9FE2D42DCB254 /* Pods-Shopify.release.xcconfig */,
				3E9A2774B818BAF9F262345D /* Pods-Shopify-ShopifyUITests.debug.xcconfig */,
				C15DEE82EA0B880CC202A9FD /* Pods-Shopify-ShopifyUITests.release.xcconfig */,
				D7BACF643C18AFBCF1999EA5 /* Pods-ShopifyTests.debug.xcconfig */,
				B1321B15F2977909A7FC984B /* Pods-ShopifyTests.release.xcconfig */,
			);
			path = Pods;
			sourceTree = "<group>";
		};
		4C521EBE29AA4B1D004D4BBF /* Addresses */ = {
			isa = PBXGroup;
			children = (
				4CB4C75529AA4BE2004B9BE2 /* AddressesCell.xib */,
				4CB4C75329AA4BA3004B9BE2 /* AddressesCell.swift */,
			);
			path = Addresses;
			sourceTree = "<group>";
		};
		4C97ADB829A85BC900775773 /* ProfileOrders */ = {
			isa = PBXGroup;
			children = (
				4C97ADB929A85BF600775773 /* OrdersCell.swift */,
				4C97ADBA29A85BF600775773 /* OrdersCell.xib */,
			);
			path = ProfileOrders;
			sourceTree = "<group>";
		};
		4C97ADBD29A8624900775773 /* ProfileWishLists */ = {
			isa = PBXGroup;
			children = (
				4C97ADBE29A8627600775773 /* WishListsCell.swift */,
				4C97ADBF29A8627600775773 /* WishListsCell.xib */,
			);
			path = ProfileWishLists;
			sourceTree = "<group>";
		};
		AF071E866C91FA177DDA212D /* Frameworks */ = {
			isa = PBXGroup;
			children = (
				5D76B3A69142FBA7583CA2EA /* Pods_Shopify.framework */,
				D38EAD909D88B2723D102351 /* Pods_Shopify_ShopifyUITests.framework */,
				37D8FE1153E713768EEDF06D /* Pods_ShopifyTests.framework */,
			);
			name = Frameworks;
			sourceTree = "<group>";
		};
		DE7BBD9E29A66C75009622B3 /* SubViews */ = {
			isa = PBXGroup;
			children = (
				DE7BBDA229A66CEF009622B3 /* ToolBar */,
				DE7BBD9F29A66C84009622B3 /* TabBar */,
			);
			path = SubViews;
			sourceTree = "<group>";
		};
		DE7BBD9F29A66C84009622B3 /* TabBar */ = {
			isa = PBXGroup;
			children = (
				DE59EF4D29A6F78D00D50A91 /* CustomTabBar.swift */,
			);
			path = TabBar;
			sourceTree = "<group>";
		};
		DE7BBDA229A66CEF009622B3 /* ToolBar */ = {
			isa = PBXGroup;
			children = (
				DE7BBDA329A66D08009622B3 /* CustomToolBar.swift */,
			);
			path = ToolBar;
			sourceTree = "<group>";
		};
		DE7BBDA729A66D58009622B3 /* Others */ = {
			isa = PBXGroup;
			children = (
				DE7BBDAC29A66DC2009622B3 /* OthersSB.storyboard */,
				DE7BBDA829A66D97009622B3 /* CartVC.swift */,
				DE7BBDAA29A66DA9009622B3 /* WishListVC.swift */,
			);
			path = Others;
			sourceTree = "<group>";
		};
		DE7BBDAE29A66E28009622B3 /* Payment&Order */ = {
			isa = PBXGroup;
			children = (
				DE7BBDAF29A66E4D009622B3 /* Payment&OrderSB.storyboard */,
				DE7BBDB129A66E5D009622B3 /* PaymentVC.swift */,
				DE7BBDB329A66E6B009622B3 /* OrderVC.swift */,
			);
			path = "Payment&Order";
			sourceTree = "<group>";
		};
		DE7BBDB529A66EB2009622B3 /* AuthenticationScreens */ = {
			isa = PBXGroup;
			children = (
				DE7BBDB629A66ECA009622B3 /* AuthenticationSB.storyboard */,
				DE7BBDB829A66ED8009622B3 /* LoginVC.swift */,
				DE7BBDBA29A66EEA009622B3 /* RegisterVC.swift */,
			);
			path = AuthenticationScreens;
			sourceTree = "<group>";
		};
		DE923E6A29A4DE9400AF628D /* Views */ = {
			isa = PBXGroup;
			children = (
				DE923E8529A4E3C000AF628D /* Cells */,
				DE7BBD9E29A66C75009622B3 /* SubViews */,
				DE7BBDB529A66EB2009622B3 /* AuthenticationScreens */,
				DE7BBDAE29A66E28009622B3 /* Payment&Order */,
				DE7BBDA729A66D58009622B3 /* Others */,
				DE923E7E29A4E31800AF628D /* HomeScreen */,
				DE923E9E29A4EAF100AF628D /* ProfileScreen */,
				DE923E9B29A4EA4400AF628D /* CategoriesScreen */,
				DE923E9129A4E52500AF628D /* OnBoardingScreens */,
				DE923E7F29A4E33500AF628D /* LaunchScreen */,
			);
			path = Views;
			sourceTree = "<group>";
		};
		DE923E6B29A4DE9B00AF628D /* Models */ = {
			isa = PBXGroup;
			children = (
				DE923E7229A4E23000AF628D /* Product.swift */,
				DE923E7429A4E24000AF628D /* ProductDetail.swift */,
				DE923E7629A4E24A00AF628D /* Order.swift */,
				DE923E7829A4E25300AF628D /* Profile.swift */,
			);
			path = Models;
			sourceTree = "<group>";
		};
		DE923E6C29A4DEBA00AF628D /* ViewModels */ = {
			isa = PBXGroup;
			children = (
				DE923E7029A4E22000AF628D /* ViewModel.swift */,
			);
			path = ViewModels;
			sourceTree = "<group>";
		};
		DE923E6D29A4DECD00AF628D /* Assets */ = {
			isa = PBXGroup;
			children = (
				DED7EA6629A020AD000CC25C /* Assets.xcassets */,
			);
			path = Assets;
			sourceTree = "<group>";
		};
		DE923E6E29A4DED500AF628D /* Core */ = {
			isa = PBXGroup;
			children = (
				DED7EA5C29A020AB000CC25C /* SceneDelegate.swift */,
				DED7EA5A29A020AB000CC25C /* AppDelegate.swift */,
			);
			path = Core;
			sourceTree = "<group>";
		};
		DE923E6F29A4DEE100AF628D /* Services */ = {
			isa = PBXGroup;
			children = (
				DE923E7A29A4E28B00AF628D /* NetworkServices */,
			);
			path = Services;
			sourceTree = "<group>";
		};
		DE923E7A29A4E28B00AF628D /* NetworkServices */ = {
			isa = PBXGroup;
			children = (
				DE923E7C29A4E31400AF628D /* NetworkService.swift */,
			);
			path = NetworkServices;
			sourceTree = "<group>";
		};
		DE923E7E29A4E31800AF628D /* HomeScreen */ = {
			isa = PBXGroup;
			children = (
				DE7BBD9529A66834009622B3 /* HomeSB.storyboard */,
				DED7EA5E29A020AB000CC25C /* HomeVC.swift */,
				DE7BBD9C29A66C33009622B3 /* ProductsVC.swift */,
				DE923E8329A4E3B000AF628D /* ProductDetailsVC.swift */,
			);
			path = HomeScreen;
			sourceTree = "<group>";
		};
		DE923E7F29A4E33500AF628D /* LaunchScreen */ = {
			isa = PBXGroup;
			children = (
				DED7EA6829A020AD000CC25C /* LaunchScreen.storyboard */,
			);
			path = LaunchScreen;
			sourceTree = "<group>";
		};
		DE923E8529A4E3C000AF628D /* Cells */ = {
			isa = PBXGroup;
			children = (
				4C521EBE29AA4B1D004D4BBF /* Addresses */,
				4C97ADBD29A8624900775773 /* ProfileWishLists */,
				4C97ADB829A85BC900775773 /* ProfileOrders */,
				DE923E8729A4E3D600AF628D /* Products */,
				DE923E8629A4E3C900AF628D /* Brand */,
			);
			path = Cells;
			sourceTree = "<group>";
		};
		DE923E8629A4E3C900AF628D /* Brand */ = {
			isa = PBXGroup;
			children = (
				DE923E8D29A4E43700AF628D /* BrandCVCell.swift */,
				DE923E8E29A4E43700AF628D /* BrandCVCell.xib */,
			);
			path = Brand;
			sourceTree = "<group>";
		};
		DE923E8729A4E3D600AF628D /* Products */ = {
			isa = PBXGroup;
			children = (
				DE923E8829A4E41700AF628D /* ProductCVCell.swift */,
				DE923E8929A4E41700AF628D /* ProductCVCell.xib */,
			);
			path = Products;
			sourceTree = "<group>";
		};
		DE923E9129A4E52500AF628D /* OnBoardingScreens */ = {
			isa = PBXGroup;
			children = (
				DE923E9229A4E53F00AF628D /* OnBoardingSB.storyboard */,
				DE923E9429A4E56000AF628D /* OnBoardingVC.swift */,
			);
			path = OnBoardingScreens;
			sourceTree = "<group>";
		};
		DE923E9B29A4EA4400AF628D /* CategoriesScreen */ = {
			isa = PBXGroup;
			children = (
				DE923E9C29A4EA6600AF628D /* CategoriesVC.swift */,
				DE7BBD9729A6698D009622B3 /* CategoriesSB.storyboard */,
			);
			path = CategoriesScreen;
			sourceTree = "<group>";
		};
		DE923E9E29A4EAF100AF628D /* ProfileScreen */ = {
			isa = PBXGroup;
			children = (
				DE7BBD9929A669EB009622B3 /* ProfileSB.storyboard */,
				DE923E9F29A4EB0A00AF628D /* ProfileVC.swift */,
				4C521EB629AA43B3004D4BBF /* SettingsVC.swift */,
				4C3B902729AA2D1A008F15F9 /* AboutUsVC.swift */,
				4C3B902929AA2E7C008F15F9 /* ContactUsVC.swift */,
				4C521EB829AA4907004D4BBF /* AddressVC.swift */,
			);
			path = ProfileScreen;
			sourceTree = "<group>";
		};
		DED7EA4E29A020AA000CC25C = {
			isa = PBXGroup;
			children = (
				DED7EA5929A020AB000CC25C /* Shopify */,
				DED7EA7329A020AF000CC25C /* ShopifyTests */,
				DED7EA7D29A020AF000CC25C /* ShopifyUITests */,
				DED7EA5829A020AB000CC25C /* Products */,
				001285B3A56A4BDE18147866 /* Pods */,
				AF071E866C91FA177DDA212D /* Frameworks */,
			);
			sourceTree = "<group>";
		};
		DED7EA5829A020AB000CC25C /* Products */ = {
			isa = PBXGroup;
			children = (
				DED7EA5729A020AB000CC25C /* Shopify.app */,
				DED7EA7029A020AF000CC25C /* ShopifyTests.xctest */,
				DED7EA7A29A020AF000CC25C /* ShopifyUITests.xctest */,
			);
			name = Products;
			sourceTree = "<group>";
		};
		DED7EA5929A020AB000CC25C /* Shopify */ = {
			isa = PBXGroup;
			children = (
				DE923E6D29A4DECD00AF628D /* Assets */,
				DE923E6E29A4DED500AF628D /* Core */,
				DE923E6C29A4DEBA00AF628D /* ViewModels */,
				DE923E6B29A4DE9B00AF628D /* Models */,
				DE923E6A29A4DE9400AF628D /* Views */,
				DE923E6F29A4DEE100AF628D /* Services */,
				DED7EA6029A020AB000CC25C /* Main.storyboard */,
				DED7EA6B29A020AD000CC25C /* Info.plist */,
				DED7EA6329A020AB000CC25C /* Shopify.xcdatamodeld */,
			);
			path = Shopify;
			sourceTree = "<group>";
		};
		DED7EA7329A020AF000CC25C /* ShopifyTests */ = {
			isa = PBXGroup;
			children = (
				DED7EA7429A020AF000CC25C /* ShopifyTests.swift */,
			);
			path = ShopifyTests;
			sourceTree = "<group>";
		};
		DED7EA7D29A020AF000CC25C /* ShopifyUITests */ = {
			isa = PBXGroup;
			children = (
				DED7EA7E29A020AF000CC25C /* ShopifyUITests.swift */,
				DED7EA8029A020AF000CC25C /* ShopifyUITestsLaunchTests.swift */,
			);
			path = ShopifyUITests;
			sourceTree = "<group>";
		};
/* End PBXGroup section */

/* Begin PBXNativeTarget section */
		DED7EA5629A020AB000CC25C /* Shopify */ = {
			isa = PBXNativeTarget;
			buildConfigurationList = DED7EA8429A020AF000CC25C /* Build configuration list for PBXNativeTarget "Shopify" */;
			buildPhases = (
				9E8A1BFE4B986C36E9F5342F /* [CP] Check Pods Manifest.lock */,
				DED7EA5329A020AB000CC25C /* Sources */,
				DED7EA5429A020AB000CC25C /* Frameworks */,
				DED7EA5529A020AB000CC25C /* Resources */,
				422A0083BF83D3071E57B7A8 /* [CP] Embed Pods Frameworks */,
			);
			buildRules = (
			);
			dependencies = (
			);
			name = Shopify;
			productName = Shopify;
			productReference = DED7EA5729A020AB000CC25C /* Shopify.app */;
			productType = "com.apple.product-type.application";
		};
		DED7EA6F29A020AE000CC25C /* ShopifyTests */ = {
			isa = PBXNativeTarget;
			buildConfigurationList = DED7EA8729A020AF000CC25C /* Build configuration list for PBXNativeTarget "ShopifyTests" */;
			buildPhases = (
				FA4504D1D2181CCF29E27A99 /* [CP] Check Pods Manifest.lock */,
				DED7EA6C29A020AE000CC25C /* Sources */,
				DED7EA6D29A020AE000CC25C /* Frameworks */,
				DED7EA6E29A020AE000CC25C /* Resources */,
			);
			buildRules = (
			);
			dependencies = (
				DED7EA7229A020AF000CC25C /* PBXTargetDependency */,
			);
			name = ShopifyTests;
			productName = ShopifyTests;
			productReference = DED7EA7029A020AF000CC25C /* ShopifyTests.xctest */;
			productType = "com.apple.product-type.bundle.unit-test";
		};
		DED7EA7929A020AF000CC25C /* ShopifyUITests */ = {
			isa = PBXNativeTarget;
			buildConfigurationList = DED7EA8A29A020AF000CC25C /* Build configuration list for PBXNativeTarget "ShopifyUITests" */;
			buildPhases = (
				85B4F9D119C098FA622098AD /* [CP] Check Pods Manifest.lock */,
				DED7EA7629A020AF000CC25C /* Sources */,
				DED7EA7729A020AF000CC25C /* Frameworks */,
				DED7EA7829A020AF000CC25C /* Resources */,
				A4B02F4B825918E8B68FD541 /* [CP] Embed Pods Frameworks */,
			);
			buildRules = (
			);
			dependencies = (
				DED7EA7C29A020AF000CC25C /* PBXTargetDependency */,
			);
			name = ShopifyUITests;
			productName = ShopifyUITests;
			productReference = DED7EA7A29A020AF000CC25C /* ShopifyUITests.xctest */;
			productType = "com.apple.product-type.bundle.ui-testing";
		};
/* End PBXNativeTarget section */

/* Begin PBXProject section */
		DED7EA4F29A020AA000CC25C /* Project object */ = {
			isa = PBXProject;
			attributes = {
				BuildIndependentTargetsInParallel = 1;
				LastSwiftUpdateCheck = 1420;
				LastUpgradeCheck = 1420;
				TargetAttributes = {
					DED7EA5629A020AB000CC25C = {
						CreatedOnToolsVersion = 14.2;
					};
					DED7EA6F29A020AE000CC25C = {
						CreatedOnToolsVersion = 14.2;
						TestTargetID = DED7EA5629A020AB000CC25C;
					};
					DED7EA7929A020AF000CC25C = {
						CreatedOnToolsVersion = 14.2;
						TestTargetID = DED7EA5629A020AB000CC25C;
					};
				};
			};
			buildConfigurationList = DED7EA5229A020AA000CC25C /* Build configuration list for PBXProject "Shopify" */;
			compatibilityVersion = "Xcode 14.0";
			developmentRegion = en;
			hasScannedForEncodings = 0;
			knownRegions = (
				en,
				Base,
			);
			mainGroup = DED7EA4E29A020AA000CC25C;
			productRefGroup = DED7EA5829A020AB000CC25C /* Products */;
			projectDirPath = "";
			projectRoot = "";
			targets = (
				DED7EA5629A020AB000CC25C /* Shopify */,
				DED7EA6F29A020AE000CC25C /* ShopifyTests */,
				DED7EA7929A020AF000CC25C /* ShopifyUITests */,
			);
		};
/* End PBXProject section */

/* Begin PBXResourcesBuildPhase section */
		DED7EA5529A020AB000CC25C /* Resources */ = {
			isa = PBXResourcesBuildPhase;
			buildActionMask = 2147483647;
			files = (
				DE7BBDAD29A66DC2009622B3 /* OthersSB.storyboard in Resources */,
				4C97ADBC29A85BF600775773 /* OrdersCell.xib in Resources */,
				DED7EA6A29A020AD000CC25C /* LaunchScreen.storyboard in Resources */,
				DED7EA6729A020AD000CC25C /* Assets.xcassets in Resources */,
				DE7BBD9829A6698D009622B3 /* CategoriesSB.storyboard in Resources */,
				DE923E8B29A4E41700AF628D /* ProductCVCell.xib in Resources */,
				DE7BBD9A29A669EB009622B3 /* ProfileSB.storyboard in Resources */,
				DE923E9329A4E53F00AF628D /* OnBoardingSB.storyboard in Resources */,
				DE7BBDB029A66E4D009622B3 /* Payment&OrderSB.storyboard in Resources */,
				DE923E9029A4E43700AF628D /* BrandCVCell.xib in Resources */,
				DE7BBD9629A66834009622B3 /* HomeSB.storyboard in Resources */,
				DED7EA6229A020AB000CC25C /* Main.storyboard in Resources */,
				4C97ADC129A8627700775773 /* WishListsCell.xib in Resources */,
				DE7BBDB729A66ECA009622B3 /* AuthenticationSB.storyboard in Resources */,
				4CB4C75629AA4BE2004B9BE2 /* AddressesCell.xib in Resources */,
			);
			runOnlyForDeploymentPostprocessing = 0;
		};
		DED7EA6E29A020AE000CC25C /* Resources */ = {
			isa = PBXResourcesBuildPhase;
			buildActionMask = 2147483647;
			files = (
			);
			runOnlyForDeploymentPostprocessing = 0;
		};
		DED7EA7829A020AF000CC25C /* Resources */ = {
			isa = PBXResourcesBuildPhase;
			buildActionMask = 2147483647;
			files = (
			);
			runOnlyForDeploymentPostprocessing = 0;
		};
/* End PBXResourcesBuildPhase section */

/* Begin PBXShellScriptBuildPhase section */
		422A0083BF83D3071E57B7A8 /* [CP] Embed Pods Frameworks */ = {
			isa = PBXShellScriptBuildPhase;
			buildActionMask = 2147483647;
			files = (
			);
			inputFileListPaths = (
				"${PODS_ROOT}/Target Support Files/Pods-Shopify/Pods-Shopify-frameworks-${CONFIGURATION}-input-files.xcfilelist",
			);
			name = "[CP] Embed Pods Frameworks";
			outputFileListPaths = (
				"${PODS_ROOT}/Target Support Files/Pods-Shopify/Pods-Shopify-frameworks-${CONFIGURATION}-output-files.xcfilelist",
			);
			runOnlyForDeploymentPostprocessing = 0;
			shellPath = /bin/sh;
			shellScript = "\"${PODS_ROOT}/Target Support Files/Pods-Shopify/Pods-Shopify-frameworks.sh\"\n";
			showEnvVarsInLog = 0;
		};
		85B4F9D119C098FA622098AD /* [CP] Check Pods Manifest.lock */ = {
			isa = PBXShellScriptBuildPhase;
			buildActionMask = 2147483647;
			files = (
			);
			inputFileListPaths = (
			);
			inputPaths = (
				"${PODS_PODFILE_DIR_PATH}/Podfile.lock",
				"${PODS_ROOT}/Manifest.lock",
			);
			name = "[CP] Check Pods Manifest.lock";
			outputFileListPaths = (
			);
			outputPaths = (
				"$(DERIVED_FILE_DIR)/Pods-Shopify-ShopifyUITests-checkManifestLockResult.txt",
			);
			runOnlyForDeploymentPostprocessing = 0;
			shellPath = /bin/sh;
			shellScript = "diff \"${PODS_PODFILE_DIR_PATH}/Podfile.lock\" \"${PODS_ROOT}/Manifest.lock\" > /dev/null\nif [ $? != 0 ] ; then\n    # print error to STDERR\n    echo \"error: The sandbox is not in sync with the Podfile.lock. Run 'pod install' or update your CocoaPods installation.\" >&2\n    exit 1\nfi\n# This output is used by Xcode 'outputs' to avoid re-running this script phase.\necho \"SUCCESS\" > \"${SCRIPT_OUTPUT_FILE_0}\"\n";
			showEnvVarsInLog = 0;
		};
		9E8A1BFE4B986C36E9F5342F /* [CP] Check Pods Manifest.lock */ = {
			isa = PBXShellScriptBuildPhase;
			buildActionMask = 2147483647;
			files = (
			);
			inputFileListPaths = (
			);
			inputPaths = (
				"${PODS_PODFILE_DIR_PATH}/Podfile.lock",
				"${PODS_ROOT}/Manifest.lock",
			);
			name = "[CP] Check Pods Manifest.lock";
			outputFileListPaths = (
			);
			outputPaths = (
				"$(DERIVED_FILE_DIR)/Pods-Shopify-checkManifestLockResult.txt",
			);
			runOnlyForDeploymentPostprocessing = 0;
			shellPath = /bin/sh;
			shellScript = "diff \"${PODS_PODFILE_DIR_PATH}/Podfile.lock\" \"${PODS_ROOT}/Manifest.lock\" > /dev/null\nif [ $? != 0 ] ; then\n    # print error to STDERR\n    echo \"error: The sandbox is not in sync with the Podfile.lock. Run 'pod install' or update your CocoaPods installation.\" >&2\n    exit 1\nfi\n# This output is used by Xcode 'outputs' to avoid re-running this script phase.\necho \"SUCCESS\" > \"${SCRIPT_OUTPUT_FILE_0}\"\n";
			showEnvVarsInLog = 0;
		};
		A4B02F4B825918E8B68FD541 /* [CP] Embed Pods Frameworks */ = {
			isa = PBXShellScriptBuildPhase;
			buildActionMask = 2147483647;
			files = (
			);
			inputFileListPaths = (
				"${PODS_ROOT}/Target Support Files/Pods-Shopify-ShopifyUITests/Pods-Shopify-ShopifyUITests-frameworks-${CONFIGURATION}-input-files.xcfilelist",
			);
			name = "[CP] Embed Pods Frameworks";
			outputFileListPaths = (
				"${PODS_ROOT}/Target Support Files/Pods-Shopify-ShopifyUITests/Pods-Shopify-ShopifyUITests-frameworks-${CONFIGURATION}-output-files.xcfilelist",
			);
			runOnlyForDeploymentPostprocessing = 0;
			shellPath = /bin/sh;
			shellScript = "\"${PODS_ROOT}/Target Support Files/Pods-Shopify-ShopifyUITests/Pods-Shopify-ShopifyUITests-frameworks.sh\"\n";
			showEnvVarsInLog = 0;
		};
		FA4504D1D2181CCF29E27A99 /* [CP] Check Pods Manifest.lock */ = {
			isa = PBXShellScriptBuildPhase;
			buildActionMask = 2147483647;
			files = (
			);
			inputFileListPaths = (
			);
			inputPaths = (
				"${PODS_PODFILE_DIR_PATH}/Podfile.lock",
				"${PODS_ROOT}/Manifest.lock",
			);
			name = "[CP] Check Pods Manifest.lock";
			outputFileListPaths = (
			);
			outputPaths = (
				"$(DERIVED_FILE_DIR)/Pods-ShopifyTests-checkManifestLockResult.txt",
			);
			runOnlyForDeploymentPostprocessing = 0;
			shellPath = /bin/sh;
			shellScript = "diff \"${PODS_PODFILE_DIR_PATH}/Podfile.lock\" \"${PODS_ROOT}/Manifest.lock\" > /dev/null\nif [ $? != 0 ] ; then\n    # print error to STDERR\n    echo \"error: The sandbox is not in sync with the Podfile.lock. Run 'pod install' or update your CocoaPods installation.\" >&2\n    exit 1\nfi\n# This output is used by Xcode 'outputs' to avoid re-running this script phase.\necho \"SUCCESS\" > \"${SCRIPT_OUTPUT_FILE_0}\"\n";
			showEnvVarsInLog = 0;
		};
/* End PBXShellScriptBuildPhase section */

/* Begin PBXSourcesBuildPhase section */
		DED7EA5329A020AB000CC25C /* Sources */ = {
			isa = PBXSourcesBuildPhase;
			buildActionMask = 2147483647;
			files = (
				DE923E7D29A4E31400AF628D /* NetworkService.swift in Sources */,
				DE923E9529A4E56000AF628D /* OnBoardingVC.swift in Sources */,
				4C97ADBB29A85BF600775773 /* OrdersCell.swift in Sources */,
				DE7BBDB929A66ED8009622B3 /* LoginVC.swift in Sources */,
				DE7BBDB429A66E6B009622B3 /* OrderVC.swift in Sources */,
				DE923E7929A4E25300AF628D /* Profile.swift in Sources */,
				DE923E7129A4E22000AF628D /* ViewModel.swift in Sources */,
				DE923EA029A4EB0A00AF628D /* ProfileVC.swift in Sources */,
				DED7EA5F29A020AB000CC25C /* HomeVC.swift in Sources */,
				DE7BBDA429A66D08009622B3 /* CustomToolBar.swift in Sources */,
				DE923E7729A4E24A00AF628D /* Order.swift in Sources */,
				DE923E8F29A4E43700AF628D /* BrandCVCell.swift in Sources */,
				4CB4C75429AA4BA3004B9BE2 /* AddressesCell.swift in Sources */,
				DED7EA5B29A020AB000CC25C /* AppDelegate.swift in Sources */,
				DE923E7529A4E24000AF628D /* ProductDetail.swift in Sources */,
				DE7BBDAB29A66DA9009622B3 /* WishListVC.swift in Sources */,
				4C97ADC029A8627700775773 /* WishListsCell.swift in Sources */,
				DED7EA6529A020AB000CC25C /* Shopify.xcdatamodeld in Sources */,
				DE59EF4E29A6F78D00D50A91 /* CustomTabBar.swift in Sources */,
				DE923E8A29A4E41700AF628D /* ProductCVCell.swift in Sources */,
				DE7BBD9D29A66C33009622B3 /* ProductsVC.swift in Sources */,
				4C3B902829AA2D1A008F15F9 /* AboutUsVC.swift in Sources */,
				DE923E8429A4E3B000AF628D /* ProductDetailsVC.swift in Sources */,
				DE7BBDBB29A66EEB009622B3 /* RegisterVC.swift in Sources */,
				DE7BBDB229A66E5D009622B3 /* PaymentVC.swift in Sources */,
				DED7EA5D29A020AB000CC25C /* SceneDelegate.swift in Sources */,
				DE923E7329A4E23000AF628D /* Product.swift in Sources */,
				DE7BBDA929A66D97009622B3 /* CartVC.swift in Sources */,
				DE923E9D29A4EA6600AF628D /* CategoriesVC.swift in Sources */,
				4C521EB929AA4907004D4BBF /* AddressVC.swift in Sources */,
				4C3B902A29AA2E7C008F15F9 /* ContactUsVC.swift in Sources */,
				4C521EB729AA43B3004D4BBF /* SettingsVC.swift in Sources */,
			);
			runOnlyForDeploymentPostprocessing = 0;
		};
		DED7EA6C29A020AE000CC25C /* Sources */ = {
			isa = PBXSourcesBuildPhase;
			buildActionMask = 2147483647;
			files = (
				DED7EA7529A020AF000CC25C /* ShopifyTests.swift in Sources */,
			);
			runOnlyForDeploymentPostprocessing = 0;
		};
		DED7EA7629A020AF000CC25C /* Sources */ = {
			isa = PBXSourcesBuildPhase;
			buildActionMask = 2147483647;
			files = (
				DED7EA7F29A020AF000CC25C /* ShopifyUITests.swift in Sources */,
				DED7EA8129A020AF000CC25C /* ShopifyUITestsLaunchTests.swift in Sources */,
			);
			runOnlyForDeploymentPostprocessing = 0;
		};
/* End PBXSourcesBuildPhase section */

/* Begin PBXTargetDependency section */
		DED7EA7229A020AF000CC25C /* PBXTargetDependency */ = {
			isa = PBXTargetDependency;
			target = DED7EA5629A020AB000CC25C /* Shopify */;
			targetProxy = DED7EA7129A020AF000CC25C /* PBXContainerItemProxy */;
		};
		DED7EA7C29A020AF000CC25C /* PBXTargetDependency */ = {
			isa = PBXTargetDependency;
			target = DED7EA5629A020AB000CC25C /* Shopify */;
			targetProxy = DED7EA7B29A020AF000CC25C /* PBXContainerItemProxy */;
		};
/* End PBXTargetDependency section */

/* Begin PBXVariantGroup section */
		DED7EA6029A020AB000CC25C /* Main.storyboard */ = {
			isa = PBXVariantGroup;
			children = (
				DED7EA6129A020AB000CC25C /* Base */,
			);
			name = Main.storyboard;
			sourceTree = "<group>";
		};
		DED7EA6829A020AD000CC25C /* LaunchScreen.storyboard */ = {
			isa = PBXVariantGroup;
			children = (
				DED7EA6929A020AD000CC25C /* Base */,
			);
			name = LaunchScreen.storyboard;
			sourceTree = "<group>";
		};
/* End PBXVariantGroup section */

/* Begin XCBuildConfiguration section */
		DED7EA8229A020AF000CC25C /* Debug */ = {
			isa = XCBuildConfiguration;
			buildSettings = {
				ALWAYS_SEARCH_USER_PATHS = NO;
				CLANG_ANALYZER_NONNULL = YES;
				CLANG_ANALYZER_NUMBER_OBJECT_CONVERSION = YES_AGGRESSIVE;
				CLANG_CXX_LANGUAGE_STANDARD = "gnu++20";
				CLANG_ENABLE_MODULES = YES;
				CLANG_ENABLE_OBJC_ARC = YES;
				CLANG_ENABLE_OBJC_WEAK = YES;
				CLANG_WARN_BLOCK_CAPTURE_AUTORELEASING = YES;
				CLANG_WARN_BOOL_CONVERSION = YES;
				CLANG_WARN_COMMA = YES;
				CLANG_WARN_CONSTANT_CONVERSION = YES;
				CLANG_WARN_DEPRECATED_OBJC_IMPLEMENTATIONS = YES;
				CLANG_WARN_DIRECT_OBJC_ISA_USAGE = YES_ERROR;
				CLANG_WARN_DOCUMENTATION_COMMENTS = YES;
				CLANG_WARN_EMPTY_BODY = YES;
				CLANG_WARN_ENUM_CONVERSION = YES;
				CLANG_WARN_INFINITE_RECURSION = YES;
				CLANG_WARN_INT_CONVERSION = YES;
				CLANG_WARN_NON_LITERAL_NULL_CONVERSION = YES;
				CLANG_WARN_OBJC_IMPLICIT_RETAIN_SELF = YES;
				CLANG_WARN_OBJC_LITERAL_CONVERSION = YES;
				CLANG_WARN_OBJC_ROOT_CLASS = YES_ERROR;
				CLANG_WARN_QUOTED_INCLUDE_IN_FRAMEWORK_HEADER = YES;
				CLANG_WARN_RANGE_LOOP_ANALYSIS = YES;
				CLANG_WARN_STRICT_PROTOTYPES = YES;
				CLANG_WARN_SUSPICIOUS_MOVE = YES;
				CLANG_WARN_UNGUARDED_AVAILABILITY = YES_AGGRESSIVE;
				CLANG_WARN_UNREACHABLE_CODE = YES;
				CLANG_WARN__DUPLICATE_METHOD_MATCH = YES;
				COPY_PHASE_STRIP = NO;
				DEBUG_INFORMATION_FORMAT = dwarf;
				ENABLE_STRICT_OBJC_MSGSEND = YES;
				ENABLE_TESTABILITY = YES;
				GCC_C_LANGUAGE_STANDARD = gnu11;
				GCC_DYNAMIC_NO_PIC = NO;
				GCC_NO_COMMON_BLOCKS = YES;
				GCC_OPTIMIZATION_LEVEL = 0;
				GCC_PREPROCESSOR_DEFINITIONS = (
					"DEBUG=1",
					"$(inherited)",
				);
				GCC_WARN_64_TO_32_BIT_CONVERSION = YES;
				GCC_WARN_ABOUT_RETURN_TYPE = YES_ERROR;
				GCC_WARN_UNDECLARED_SELECTOR = YES;
				GCC_WARN_UNINITIALIZED_AUTOS = YES_AGGRESSIVE;
				GCC_WARN_UNUSED_FUNCTION = YES;
				GCC_WARN_UNUSED_VARIABLE = YES;
				IPHONEOS_DEPLOYMENT_TARGET = 16.2;
				MTL_ENABLE_DEBUG_INFO = INCLUDE_SOURCE;
				MTL_FAST_MATH = YES;
				ONLY_ACTIVE_ARCH = YES;
				SDKROOT = iphoneos;
				SWIFT_ACTIVE_COMPILATION_CONDITIONS = DEBUG;
				SWIFT_OPTIMIZATION_LEVEL = "-Onone";
			};
			name = Debug;
		};
		DED7EA8329A020AF000CC25C /* Release */ = {
			isa = XCBuildConfiguration;
			buildSettings = {
				ALWAYS_SEARCH_USER_PATHS = NO;
				CLANG_ANALYZER_NONNULL = YES;
				CLANG_ANALYZER_NUMBER_OBJECT_CONVERSION = YES_AGGRESSIVE;
				CLANG_CXX_LANGUAGE_STANDARD = "gnu++20";
				CLANG_ENABLE_MODULES = YES;
				CLANG_ENABLE_OBJC_ARC = YES;
				CLANG_ENABLE_OBJC_WEAK = YES;
				CLANG_WARN_BLOCK_CAPTURE_AUTORELEASING = YES;
				CLANG_WARN_BOOL_CONVERSION = YES;
				CLANG_WARN_COMMA = YES;
				CLANG_WARN_CONSTANT_CONVERSION = YES;
				CLANG_WARN_DEPRECATED_OBJC_IMPLEMENTATIONS = YES;
				CLANG_WARN_DIRECT_OBJC_ISA_USAGE = YES_ERROR;
				CLANG_WARN_DOCUMENTATION_COMMENTS = YES;
				CLANG_WARN_EMPTY_BODY = YES;
				CLANG_WARN_ENUM_CONVERSION = YES;
				CLANG_WARN_INFINITE_RECURSION = YES;
				CLANG_WARN_INT_CONVERSION = YES;
				CLANG_WARN_NON_LITERAL_NULL_CONVERSION = YES;
				CLANG_WARN_OBJC_IMPLICIT_RETAIN_SELF = YES;
				CLANG_WARN_OBJC_LITERAL_CONVERSION = YES;
				CLANG_WARN_OBJC_ROOT_CLASS = YES_ERROR;
				CLANG_WARN_QUOTED_INCLUDE_IN_FRAMEWORK_HEADER = YES;
				CLANG_WARN_RANGE_LOOP_ANALYSIS = YES;
				CLANG_WARN_STRICT_PROTOTYPES = YES;
				CLANG_WARN_SUSPICIOUS_MOVE = YES;
				CLANG_WARN_UNGUARDED_AVAILABILITY = YES_AGGRESSIVE;
				CLANG_WARN_UNREACHABLE_CODE = YES;
				CLANG_WARN__DUPLICATE_METHOD_MATCH = YES;
				COPY_PHASE_STRIP = NO;
				DEBUG_INFORMATION_FORMAT = "dwarf-with-dsym";
				ENABLE_NS_ASSERTIONS = NO;
				ENABLE_STRICT_OBJC_MSGSEND = YES;
				GCC_C_LANGUAGE_STANDARD = gnu11;
				GCC_NO_COMMON_BLOCKS = YES;
				GCC_WARN_64_TO_32_BIT_CONVERSION = YES;
				GCC_WARN_ABOUT_RETURN_TYPE = YES_ERROR;
				GCC_WARN_UNDECLARED_SELECTOR = YES;
				GCC_WARN_UNINITIALIZED_AUTOS = YES_AGGRESSIVE;
				GCC_WARN_UNUSED_FUNCTION = YES;
				GCC_WARN_UNUSED_VARIABLE = YES;
				IPHONEOS_DEPLOYMENT_TARGET = 16.2;
				MTL_ENABLE_DEBUG_INFO = NO;
				MTL_FAST_MATH = YES;
				SDKROOT = iphoneos;
				SWIFT_COMPILATION_MODE = wholemodule;
				SWIFT_OPTIMIZATION_LEVEL = "-O";
				VALIDATE_PRODUCT = YES;
			};
			name = Release;
		};
		DED7EA8529A020AF000CC25C /* Debug */ = {
			isa = XCBuildConfiguration;
			baseConfigurationReference = B34E81B07ECC11E2228EAE24 /* Pods-Shopify.debug.xcconfig */;
			buildSettings = {
				ASSETCATALOG_COMPILER_APPICON_NAME = AppIcon;
				ASSETCATALOG_COMPILER_GLOBAL_ACCENT_COLOR_NAME = AccentColor;
				CODE_SIGN_STYLE = Automatic;
				CURRENT_PROJECT_VERSION = 1;
				DEVELOPMENT_TEAM = 7Y6WH6SYK8;
				GENERATE_INFOPLIST_FILE = YES;
				INFOPLIST_FILE = Shopify/Info.plist;
				INFOPLIST_KEY_UIApplicationSupportsIndirectInputEvents = YES;
				INFOPLIST_KEY_UILaunchStoryboardName = LaunchScreen;
				INFOPLIST_KEY_UIMainStoryboardFile = Main;
				INFOPLIST_KEY_UISupportedInterfaceOrientations_iPad = "UIInterfaceOrientationPortrait UIInterfaceOrientationPortraitUpsideDown UIInterfaceOrientationLandscapeLeft UIInterfaceOrientationLandscapeRight";
				INFOPLIST_KEY_UISupportedInterfaceOrientations_iPhone = "UIInterfaceOrientationPortrait UIInterfaceOrientationLandscapeLeft UIInterfaceOrientationLandscapeRight";
				LD_RUNPATH_SEARCH_PATHS = (
					"$(inherited)",
					"@executable_path/Frameworks",
				);
				MARKETING_VERSION = 1.0;
				PRODUCT_BUNDLE_IDENTIFIER = ITI.Shopify;
				PRODUCT_NAME = "$(TARGET_NAME)";
				SWIFT_EMIT_LOC_STRINGS = YES;
				SWIFT_VERSION = 5.0;
				TARGETED_DEVICE_FAMILY = "1,2";
			};
			name = Debug;
		};
		DED7EA8629A020AF000CC25C /* Release */ = {
			isa = XCBuildConfiguration;
			baseConfigurationReference = 4D8596E578E9FE2D42DCB254 /* Pods-Shopify.release.xcconfig */;
			buildSettings = {
				ASSETCATALOG_COMPILER_APPICON_NAME = AppIcon;
				ASSETCATALOG_COMPILER_GLOBAL_ACCENT_COLOR_NAME = AccentColor;
				CODE_SIGN_STYLE = Automatic;
				CURRENT_PROJECT_VERSION = 1;
				DEVELOPMENT_TEAM = 7Y6WH6SYK8;
				GENERATE_INFOPLIST_FILE = YES;
				INFOPLIST_FILE = Shopify/Info.plist;
				INFOPLIST_KEY_UIApplicationSupportsIndirectInputEvents = YES;
				INFOPLIST_KEY_UILaunchStoryboardName = LaunchScreen;
				INFOPLIST_KEY_UIMainStoryboardFile = Main;
				INFOPLIST_KEY_UISupportedInterfaceOrientations_iPad = "UIInterfaceOrientationPortrait UIInterfaceOrientationPortraitUpsideDown UIInterfaceOrientationLandscapeLeft UIInterfaceOrientationLandscapeRight";
				INFOPLIST_KEY_UISupportedInterfaceOrientations_iPhone = "UIInterfaceOrientationPortrait UIInterfaceOrientationLandscapeLeft UIInterfaceOrientationLandscapeRight";
				LD_RUNPATH_SEARCH_PATHS = (
					"$(inherited)",
					"@executable_path/Frameworks",
				);
				MARKETING_VERSION = 1.0;
				PRODUCT_BUNDLE_IDENTIFIER = ITI.Shopify;
				PRODUCT_NAME = "$(TARGET_NAME)";
				SWIFT_EMIT_LOC_STRINGS = YES;
				SWIFT_VERSION = 5.0;
				TARGETED_DEVICE_FAMILY = "1,2";
			};
			name = Release;
		};
		DED7EA8829A020AF000CC25C /* Debug */ = {
			isa = XCBuildConfiguration;
			baseConfigurationReference = D7BACF643C18AFBCF1999EA5 /* Pods-ShopifyTests.debug.xcconfig */;
			buildSettings = {
				ALWAYS_EMBED_SWIFT_STANDARD_LIBRARIES = YES;
				BUNDLE_LOADER = "$(TEST_HOST)";
				CODE_SIGN_STYLE = Automatic;
				CURRENT_PROJECT_VERSION = 1;
				DEVELOPMENT_TEAM = 7Y6WH6SYK8;
				GENERATE_INFOPLIST_FILE = YES;
				IPHONEOS_DEPLOYMENT_TARGET = 16.2;
				MARKETING_VERSION = 1.0;
				PRODUCT_BUNDLE_IDENTIFIER = ITI.ShopifyTests;
				PRODUCT_NAME = "$(TARGET_NAME)";
				SWIFT_EMIT_LOC_STRINGS = NO;
				SWIFT_VERSION = 5.0;
				TARGETED_DEVICE_FAMILY = "1,2";
				TEST_HOST = "$(BUILT_PRODUCTS_DIR)/Shopify.app/$(BUNDLE_EXECUTABLE_FOLDER_PATH)/Shopify";
			};
			name = Debug;
		};
		DED7EA8929A020AF000CC25C /* Release */ = {
			isa = XCBuildConfiguration;
			baseConfigurationReference = B1321B15F2977909A7FC984B /* Pods-ShopifyTests.release.xcconfig */;
			buildSettings = {
				ALWAYS_EMBED_SWIFT_STANDARD_LIBRARIES = YES;
				BUNDLE_LOADER = "$(TEST_HOST)";
				CODE_SIGN_STYLE = Automatic;
				CURRENT_PROJECT_VERSION = 1;
				DEVELOPMENT_TEAM = 7Y6WH6SYK8;
				GENERATE_INFOPLIST_FILE = YES;
				IPHONEOS_DEPLOYMENT_TARGET = 16.2;
				MARKETING_VERSION = 1.0;
				PRODUCT_BUNDLE_IDENTIFIER = ITI.ShopifyTests;
				PRODUCT_NAME = "$(TARGET_NAME)";
				SWIFT_EMIT_LOC_STRINGS = NO;
				SWIFT_VERSION = 5.0;
				TARGETED_DEVICE_FAMILY = "1,2";
				TEST_HOST = "$(BUILT_PRODUCTS_DIR)/Shopify.app/$(BUNDLE_EXECUTABLE_FOLDER_PATH)/Shopify";
			};
			name = Release;
		};
		DED7EA8B29A020AF000CC25C /* Debug */ = {
			isa = XCBuildConfiguration;
			baseConfigurationReference = 3E9A2774B818BAF9F262345D /* Pods-Shopify-ShopifyUITests.debug.xcconfig */;
			buildSettings = {
				ALWAYS_EMBED_SWIFT_STANDARD_LIBRARIES = YES;
				CODE_SIGN_STYLE = Automatic;
				CURRENT_PROJECT_VERSION = 1;
				DEVELOPMENT_TEAM = 7Y6WH6SYK8;
				GENERATE_INFOPLIST_FILE = YES;
				MARKETING_VERSION = 1.0;
				PRODUCT_BUNDLE_IDENTIFIER = ITI.ShopifyUITests;
				PRODUCT_NAME = "$(TARGET_NAME)";
				SWIFT_EMIT_LOC_STRINGS = NO;
				SWIFT_VERSION = 5.0;
				TARGETED_DEVICE_FAMILY = "1,2";
				TEST_TARGET_NAME = Shopify;
			};
			name = Debug;
		};
		DED7EA8C29A020AF000CC25C /* Release */ = {
			isa = XCBuildConfiguration;
			baseConfigurationReference = C15DEE82EA0B880CC202A9FD /* Pods-Shopify-ShopifyUITests.release.xcconfig */;
			buildSettings = {
				ALWAYS_EMBED_SWIFT_STANDARD_LIBRARIES = YES;
				CODE_SIGN_STYLE = Automatic;
				CURRENT_PROJECT_VERSION = 1;
				DEVELOPMENT_TEAM = 7Y6WH6SYK8;
				GENERATE_INFOPLIST_FILE = YES;
				MARKETING_VERSION = 1.0;
				PRODUCT_BUNDLE_IDENTIFIER = ITI.ShopifyUITests;
				PRODUCT_NAME = "$(TARGET_NAME)";
				SWIFT_EMIT_LOC_STRINGS = NO;
				SWIFT_VERSION = 5.0;
				TARGETED_DEVICE_FAMILY = "1,2";
				TEST_TARGET_NAME = Shopify;
			};
			name = Release;
		};
/* End XCBuildConfiguration section */

/* Begin XCConfigurationList section */
		DED7EA5229A020AA000CC25C /* Build configuration list for PBXProject "Shopify" */ = {
			isa = XCConfigurationList;
			buildConfigurations = (
				DED7EA8229A020AF000CC25C /* Debug */,
				DED7EA8329A020AF000CC25C /* Release */,
			);
			defaultConfigurationIsVisible = 0;
			defaultConfigurationName = Release;
		};
		DED7EA8429A020AF000CC25C /* Build configuration list for PBXNativeTarget "Shopify" */ = {
			isa = XCConfigurationList;
			buildConfigurations = (
				DED7EA8529A020AF000CC25C /* Debug */,
				DED7EA8629A020AF000CC25C /* Release */,
			);
			defaultConfigurationIsVisible = 0;
			defaultConfigurationName = Release;
		};
		DED7EA8729A020AF000CC25C /* Build configuration list for PBXNativeTarget "ShopifyTests" */ = {
			isa = XCConfigurationList;
			buildConfigurations = (
				DED7EA8829A020AF000CC25C /* Debug */,
				DED7EA8929A020AF000CC25C /* Release */,
			);
			defaultConfigurationIsVisible = 0;
			defaultConfigurationName = Release;
		};
		DED7EA8A29A020AF000CC25C /* Build configuration list for PBXNativeTarget "ShopifyUITests" */ = {
			isa = XCConfigurationList;
			buildConfigurations = (
				DED7EA8B29A020AF000CC25C /* Debug */,
				DED7EA8C29A020AF000CC25C /* Release */,
			);
			defaultConfigurationIsVisible = 0;
			defaultConfigurationName = Release;
		};
/* End XCConfigurationList section */

/* Begin XCVersionGroup section */
		DED7EA6329A020AB000CC25C /* Shopify.xcdatamodeld */ = {
			isa = XCVersionGroup;
			children = (
				DED7EA6429A020AB000CC25C /* Shopify.xcdatamodel */,
			);
			currentVersion = DED7EA6429A020AB000CC25C /* Shopify.xcdatamodel */;
			path = Shopify.xcdatamodeld;
			sourceTree = "<group>";
			versionGroupType = wrapper.xcdatamodel;
		};
/* End XCVersionGroup section */
	};
	rootObject = DED7EA4F29A020AA000CC25C /* Project object */;
}
